
Microsoft Visual Studio Solution File, Format Version 12.00
# Visual Studio Version 16
VisualStudioVersion = 16.0.28729.10
MinimumVisualStudioVersion = 10.0.40219.1
Project("{FAE04EC0-301F-11D3-BF4B-00C04F79EFBC}") = "BridgeLesson", "BridgeLesson\BridgeLesson.csproj", "{E2DB635A-802A-4F81-862A-345448D2A5B5}"
EndProject
Project("{FAE04EC0-301F-11D3-BF4B-00C04F79EFBC}") = "DecoratorPattern", "DecoratorPattern\DecoratorPattern.csproj", "{985661F1-957E-4DF0-A1E5-3EA99A0E91FB}"
EndProject
Project("{FAE04EC0-301F-11D3-BF4B-00C04F79EFBC}") = "FacadePattern", "FacadePattern\FacadePattern.csproj", "{B034F81F-DF99-42A2-A08F-B333D7B33BCB}"
EndProject
Global
	GlobalSection(SolutionConfigurationPlatforms) = preSolution
		Debug|Any CPU = Debug|Any CPU
		Release|Any CPU = Release|Any CPU
	EndGlobalSection
	GlobalSection(ProjectConfigurationPlatforms) = postSolution
		{E2DB635A-802A-4F81-862A-345448D2A5B5}.Debug|Any CPU.ActiveCfg = Debug|Any CPU
		{E2DB635A-802A-4F81-862A-345448D2A5B5}.Debug|Any CPU.Build.0 = Debug|Any CPU
		{E2DB635A-802A-4F81-862A-345448D2A5B5}.Release|Any CPU.ActiveCfg = Release|Any CPU
		{E2DB635A-802A-4F81-862A-345448D2A5B5}.Release|Any CPU.Build.0 = Release|Any CPU
		{985661F1-957E-4DF0-A1E5-3EA99A0E91FB}.Debug|Any CPU.ActiveCfg = Debug|Any CPU
		{985661F1-957E-4DF0-A1E5-3EA99A0E91FB}.Debug|Any CPU.Build.0 = Debug|Any CPU
		{985661F1-957E-4DF0-A1E5-3EA99A0E91FB}.Release|Any CPU.ActiveCfg = Release|Any CPU
		{985661F1-957E-4DF0-A1E5-3EA99A0E91FB}.Release|Any CPU.Build.0 = Release|Any CPU
		{B034F81F-DF99-42A2-A08F-B333D7B33BCB}.Debug|Any CPU.ActiveCfg = Debug|Any CPU
		{B034F81F-DF99-42A2-A08F-B333D7B33BCB}.Debug|Any CPU.Build.0 = Debug|Any CPU
		{B034F81F-DF99-42A2-A08F-B333D7B33BCB}.Release|Any CPU.ActiveCfg = Release|Any CPU
		{B034F81F-DF99-42A2-A08F-B333D7B33BCB}.Release|Any CPU.Build.0 = Release|Any CPU
	EndGlobalSection
	GlobalSection(SolutionProperties) = preSolution
		HideSolutionNode = FALSE
	EndGlobalSection
	GlobalSection(ExtensibilityGlobals) = postSolution
		SolutionGuid = {5C05A58B-544F-4E79-9FD3-C882E70A33F5}
	EndGlobalSection
EndGlobal
